// !$*UTF8*$!
{
	archiveVersion = 1;
	classes = {
	};
	objectVersion = 50;
	objects = {

/* Begin PBXBuildFile section */
		C30D568023438C8A0096B006 /* UIViewController+SBTUITestTunnel.h in Headers */ = {isa = PBXBuildFile; fileRef = C30D566923438C890096B006 /* UIViewController+SBTUITestTunnel.h */; settings = {ATTRIBUTES = (Public, ); }; };
		C30D568123438C8A0096B006 /* SBTUITestTunnelServer.h in Headers */ = {isa = PBXBuildFile; fileRef = C30D566A23438C890096B006 /* SBTUITestTunnelServer.h */; settings = {ATTRIBUTES = (Public, ); }; };
		C30D568223438C8A0096B006 /* UIViewController+SBTUITestTunnel.m in Sources */ = {isa = PBXBuildFile; fileRef = C30D566B23438C890096B006 /* UIViewController+SBTUITestTunnel.m */; };
		C30D568323438C8A0096B006 /* SBTUITestTunnelServer.m in Sources */ = {isa = PBXBuildFile; fileRef = C30D566C23438C890096B006 /* SBTUITestTunnelServer.m */; };
		C30D568423438C8A0096B006 /* NSURLSession+HTTPBodyFix.h in Headers */ = {isa = PBXBuildFile; fileRef = C30D566E23438C8A0096B006 /* NSURLSession+HTTPBodyFix.h */; settings = {ATTRIBUTES = (Private, ); }; };
		C30D568523438C8A0096B006 /* SBTProxyURLProtocol.h in Headers */ = {isa = PBXBuildFile; fileRef = C30D566F23438C8A0096B006 /* SBTProxyURLProtocol.h */; settings = {ATTRIBUTES = (Private, ); }; };
		C30D568623438C8A0096B006 /* UIView+Extensions.m in Sources */ = {isa = PBXBuildFile; fileRef = C30D567023438C8A0096B006 /* UIView+Extensions.m */; };
		C30D568723438C8A0096B006 /* CLLocationManager+Swizzles.m in Sources */ = {isa = PBXBuildFile; fileRef = C30D567123438C8A0096B006 /* CLLocationManager+Swizzles.m */; };
		C30D568823438C8A0096B006 /* UITextField+DisableAutocomplete.m in Sources */ = {isa = PBXBuildFile; fileRef = C30D567223438C8A0096B006 /* UITextField+DisableAutocomplete.m */; };
		C30D568923438C8A0096B006 /* NSURLSessionConfiguration+SBTUITestTunnel.h in Headers */ = {isa = PBXBuildFile; fileRef = C30D567323438C8A0096B006 /* NSURLSessionConfiguration+SBTUITestTunnel.h */; settings = {ATTRIBUTES = (Private, ); }; };
		C30D568A23438C8A0096B006 /* NSData+SHA1.m in Sources */ = {isa = PBXBuildFile; fileRef = C30D567423438C8A0096B006 /* NSData+SHA1.m */; };
		C30D568B23438C8A0096B006 /* UNUserNotificationCenter+Swizzles.m in Sources */ = {isa = PBXBuildFile; fileRef = C30D567523438C8A0096B006 /* UNUserNotificationCenter+Swizzles.m */; };
		C30D568C23438C8A0096B006 /* SBTProxyURLProtocol.m in Sources */ = {isa = PBXBuildFile; fileRef = C30D567623438C8A0096B006 /* SBTProxyURLProtocol.m */; };
		C30D568D23438C8A0096B006 /* NSURLSession+HTTPBodyFix.m in Sources */ = {isa = PBXBuildFile; fileRef = C30D567723438C8A0096B006 /* NSURLSession+HTTPBodyFix.m */; };
		C30D568E23438C8A0096B006 /* CLLocationManager+Swizzles.h in Headers */ = {isa = PBXBuildFile; fileRef = C30D567823438C8A0096B006 /* CLLocationManager+Swizzles.h */; settings = {ATTRIBUTES = (Private, ); }; };
		C30D568F23438C8A0096B006 /* UIView+Extensions.h in Headers */ = {isa = PBXBuildFile; fileRef = C30D567923438C8A0096B006 /* UIView+Extensions.h */; settings = {ATTRIBUTES = (Private, ); }; };
		C30D569023438C8A0096B006 /* UITextField+DisableAutocomplete.h in Headers */ = {isa = PBXBuildFile; fileRef = C30D567A23438C8A0096B006 /* UITextField+DisableAutocomplete.h */; settings = {ATTRIBUTES = (Private, ); }; };
		C30D569123438C8A0096B006 /* UNUserNotificationCenter+Swizzles.h in Headers */ = {isa = PBXBuildFile; fileRef = C30D567B23438C8A0096B006 /* UNUserNotificationCenter+Swizzles.h */; settings = {ATTRIBUTES = (Private, ); }; };
		C30D569223438C8A0096B006 /* NSData+SHA1.h in Headers */ = {isa = PBXBuildFile; fileRef = C30D567C23438C8A0096B006 /* NSData+SHA1.h */; settings = {ATTRIBUTES = (Private, ); }; };
		C30D569323438C8A0096B006 /* NSURLSessionConfiguration+SBTUITestTunnel.m in Sources */ = {isa = PBXBuildFile; fileRef = C30D567D23438C8A0096B006 /* NSURLSessionConfiguration+SBTUITestTunnel.m */; };
		C30D569423438C8A0096B006 /* SBTAnyViewControllerPreviewing.h in Headers */ = {isa = PBXBuildFile; fileRef = C30D567E23438C8A0096B006 /* SBTAnyViewControllerPreviewing.h */; settings = {ATTRIBUTES = (Public, ); }; };
		C30D569523438C8A0096B006 /* SBTAnyViewControllerPreviewing.m in Sources */ = {isa = PBXBuildFile; fileRef = C30D567F23438C8A0096B006 /* SBTAnyViewControllerPreviewing.m */; };
		C30D56AA23438CB30096B006 /* SBTUITestTunnel.h in Headers */ = {isa = PBXBuildFile; fileRef = C30D569623438CB20096B006 /* SBTUITestTunnel.h */; settings = {ATTRIBUTES = (Public, ); }; };
		C30D56AB23438CB30096B006 /* SBTRequestMatch.m in Sources */ = {isa = PBXBuildFile; fileRef = C30D569723438CB20096B006 /* SBTRequestMatch.m */; };
		C30D56AC23438CB30096B006 /* SBTRewrite.m in Sources */ = {isa = PBXBuildFile; fileRef = C30D569823438CB20096B006 /* SBTRewrite.m */; };
		C30D56AD23438CB30096B006 /* SBTMonitoredNetworkRequest.m in Sources */ = {isa = PBXBuildFile; fileRef = C30D569923438CB20096B006 /* SBTMonitoredNetworkRequest.m */; };
		C30D56AE23438CB30096B006 /* NSURLRequest+SBTUITestTunnelMatch.h in Headers */ = {isa = PBXBuildFile; fileRef = C30D569A23438CB20096B006 /* NSURLRequest+SBTUITestTunnelMatch.h */; settings = {ATTRIBUTES = (Public, ); }; };
		C30D56AF23438CB30096B006 /* NSURLRequest+SBTUITestTunnelMatch.m in Sources */ = {isa = PBXBuildFile; fileRef = C30D569B23438CB20096B006 /* NSURLRequest+SBTUITestTunnelMatch.m */; };
		C30D56B023438CB30096B006 /* SBTStubResponse.h in Headers */ = {isa = PBXBuildFile; fileRef = C30D569C23438CB20096B006 /* SBTStubResponse.h */; settings = {ATTRIBUTES = (Public, ); }; };
		C30D56B123438CB30096B006 /* NSData+gzip.h in Headers */ = {isa = PBXBuildFile; fileRef = C30D569E23438CB30096B006 /* NSData+gzip.h */; settings = {ATTRIBUTES = (Private, ); }; };
		C30D56B223438CB30096B006 /* NSURLRequest+HTTPBodyFix.h in Headers */ = {isa = PBXBuildFile; fileRef = C30D569F23438CB30096B006 /* NSURLRequest+HTTPBodyFix.h */; settings = {ATTRIBUTES = (Private, ); }; };
		C30D56B323438CB30096B006 /* NSString+SwiftDemangle.m in Sources */ = {isa = PBXBuildFile; fileRef = C30D56A023438CB30096B006 /* NSString+SwiftDemangle.m */; };
		C30D56B423438CB30096B006 /* NSURLRequest+HTTPBodyFix.m in Sources */ = {isa = PBXBuildFile; fileRef = C30D56A123438CB30096B006 /* NSURLRequest+HTTPBodyFix.m */; };
		C30D56B523438CB30096B006 /* NSData+gzip.m in Sources */ = {isa = PBXBuildFile; fileRef = C30D56A223438CB30096B006 /* NSData+gzip.m */; };
		C30D56B623438CB30096B006 /* NSString+SwiftDemangle.h in Headers */ = {isa = PBXBuildFile; fileRef = C30D56A323438CB30096B006 /* NSString+SwiftDemangle.h */; settings = {ATTRIBUTES = (Private, ); }; };
		C30D56B723438CB30096B006 /* SBTMonitoredNetworkRequest.h in Headers */ = {isa = PBXBuildFile; fileRef = C30D56A423438CB30096B006 /* SBTMonitoredNetworkRequest.h */; settings = {ATTRIBUTES = (Public, ); }; };
		C30D56B823438CB30096B006 /* SBTSwizzleHelpers.h in Headers */ = {isa = PBXBuildFile; fileRef = C30D56A523438CB30096B006 /* SBTSwizzleHelpers.h */; settings = {ATTRIBUTES = (Public, ); }; };
		C30D56B923438CB30096B006 /* SBTUITestTunnel.m in Sources */ = {isa = PBXBuildFile; fileRef = C30D56A623438CB30096B006 /* SBTUITestTunnel.m */; };
		C30D56BA23438CB30096B006 /* SBTRequestMatch.h in Headers */ = {isa = PBXBuildFile; fileRef = C30D56A723438CB30096B006 /* SBTRequestMatch.h */; settings = {ATTRIBUTES = (Public, ); }; };
		C30D56BB23438CB30096B006 /* SBTStubResponse.m in Sources */ = {isa = PBXBuildFile; fileRef = C30D56A823438CB30096B006 /* SBTStubResponse.m */; };
		C30D56BC23438CB30096B006 /* SBTRewrite.h in Headers */ = {isa = PBXBuildFile; fileRef = C30D56A923438CB30096B006 /* SBTRewrite.h */; settings = {ATTRIBUTES = (Public, ); }; };
		C30D56CB23438CF60096B006 /* SBTUITestTunnelClient.m in Sources */ = {isa = PBXBuildFile; fileRef = C30D56C223438CF60096B006 /* SBTUITestTunnelClient.m */; };
		C30D56CC23438CF60096B006 /* SBTUITestTunnelClient.h in Headers */ = {isa = PBXBuildFile; fileRef = C30D56C323438CF60096B006 /* SBTUITestTunnelClient.h */; settings = {ATTRIBUTES = (Public, ); }; };
		C30D56CD23438CF60096B006 /* SBTUITestTunnelClientProtocol.h in Headers */ = {isa = PBXBuildFile; fileRef = C30D56C423438CF60096B006 /* SBTUITestTunnelClientProtocol.h */; settings = {ATTRIBUTES = (Public, ); }; };
		C30D56D0234393150096B006 /* Foundation.framework in Frameworks */ = {isa = PBXBuildFile; fileRef = CE074EA4231D641F00A50F4E /* Foundation.framework */; };
		C30D56D12343932D0096B006 /* UITestKitServer.framework in Frameworks */ = {isa = PBXBuildFile; fileRef = CE047570231E70D600108221 /* UITestKitServer.framework */; };
		C30D56D22343935C0096B006 /* Foundation.framework in Frameworks */ = {isa = PBXBuildFile; fileRef = CE074EA4231D641F00A50F4E /* Foundation.framework */; };
		C30D56D423439A470096B006 /* SBTUITestTunnelClientProtocol.swift in Sources */ = {isa = PBXBuildFile; fileRef = C30D56D323439A470096B006 /* SBTUITestTunnelClientProtocol.swift */; };
		C332B8752346066C00870971 /* SBTUITunneledApplication.swift in Sources */ = {isa = PBXBuildFile; fileRef = C332B8742346066C00870971 /* SBTUITunneledApplication.swift */; };
		C332B8BF23463DAE00870971 /* XCTestCase+AppExtension.swift in Sources */ = {isa = PBXBuildFile; fileRef = C332B8BE23463DAE00870971 /* XCTestCase+AppExtension.swift */; };
		C332B8C12346412400870971 /* XCTestCase+Swizzles.swift in Sources */ = {isa = PBXBuildFile; fileRef = C332B8C02346412400870971 /* XCTestCase+Swizzles.swift */; };
		C3C4895C23424DF500F288C7 /* UITestKitCommon.h in Headers */ = {isa = PBXBuildFile; fileRef = C3C4894E23424DF500F288C7 /* UITestKitCommon.h */; settings = {ATTRIBUTES = (Public, ); }; };
		C3C4897623424EAA00F288C7 /* Foundation.framework in Frameworks */ = {isa = PBXBuildFile; fileRef = CE074EA4231D641F00A50F4E /* Foundation.framework */; };
		C3C4897723433D7A00F288C7 /* XCTest.framework in Frameworks */ = {isa = PBXBuildFile; fileRef = CE074E70231D57CE00A50F4E /* XCTest.framework */; };
		C3C489C22343544500F288C7 /* UITestKitCommon.framework in Frameworks */ = {isa = PBXBuildFile; fileRef = C3C4894C23424DF500F288C7 /* UITestKitCommon.framework */; };
		C3C489C32343544C00F288C7 /* UITestKitCommon.framework in Frameworks */ = {isa = PBXBuildFile; fileRef = C3C4894C23424DF500F288C7 /* UITestKitCommon.framework */; };
		CE047574231E70D600108221 /* UITestKitServer.h in Headers */ = {isa = PBXBuildFile; fileRef = CE047572231E70D600108221 /* UITestKitServer.h */; settings = {ATTRIBUTES = (Public, ); }; };
		CE04759D231E713700108221 /* GCDWebServers.framework in Frameworks */ = {isa = PBXBuildFile; fileRef = CE074ECD231D68C300A50F4E /* GCDWebServers.framework */; };
		CE074ED8231D698200A50F4E /* UITestKitClient.h in Headers */ = {isa = PBXBuildFile; fileRef = CE074ED6231D698200A50F4E /* UITestKitClient.h */; settings = {ATTRIBUTES = (Public, ); }; };
/* End PBXBuildFile section */

/* Begin PBXContainerItemProxy section */
		C3C489ED2343565B00F288C7 /* PBXContainerItemProxy */ = {
			isa = PBXContainerItemProxy;
			containerPortal = CE074DFC231D569300A50F4E /* Project object */;
			proxyType = 1;
			remoteGlobalIDString = C3C4894B23424DF500F288C7;
			remoteInfo = UITestKitCommon;
		};
/* End PBXContainerItemProxy section */

/* Begin PBXFileReference section */
		C30D566923438C890096B006 /* UIViewController+SBTUITestTunnel.h */ = {isa = PBXFileReference; fileEncoding = 4; lastKnownFileType = sourcecode.c.h; path = "UIViewController+SBTUITestTunnel.h"; sourceTree = "<group>"; };
		C30D566A23438C890096B006 /* SBTUITestTunnelServer.h */ = {isa = PBXFileReference; fileEncoding = 4; lastKnownFileType = sourcecode.c.h; path = SBTUITestTunnelServer.h; sourceTree = "<group>"; };
		C30D566B23438C890096B006 /* UIViewController+SBTUITestTunnel.m */ = {isa = PBXFileReference; fileEncoding = 4; lastKnownFileType = sourcecode.c.objc; path = "UIViewController+SBTUITestTunnel.m"; sourceTree = "<group>"; };
		C30D566C23438C890096B006 /* SBTUITestTunnelServer.m */ = {isa = PBXFileReference; fileEncoding = 4; lastKnownFileType = sourcecode.c.objc; path = SBTUITestTunnelServer.m; sourceTree = "<group>"; };
		C30D566E23438C8A0096B006 /* NSURLSession+HTTPBodyFix.h */ = {isa = PBXFileReference; fileEncoding = 4; lastKnownFileType = sourcecode.c.h; path = "NSURLSession+HTTPBodyFix.h"; sourceTree = "<group>"; };
		C30D566F23438C8A0096B006 /* SBTProxyURLProtocol.h */ = {isa = PBXFileReference; fileEncoding = 4; lastKnownFileType = sourcecode.c.h; path = SBTProxyURLProtocol.h; sourceTree = "<group>"; };
		C30D567023438C8A0096B006 /* UIView+Extensions.m */ = {isa = PBXFileReference; fileEncoding = 4; lastKnownFileType = sourcecode.c.objc; path = "UIView+Extensions.m"; sourceTree = "<group>"; };
		C30D567123438C8A0096B006 /* CLLocationManager+Swizzles.m */ = {isa = PBXFileReference; fileEncoding = 4; lastKnownFileType = sourcecode.c.objc; path = "CLLocationManager+Swizzles.m"; sourceTree = "<group>"; };
		C30D567223438C8A0096B006 /* UITextField+DisableAutocomplete.m */ = {isa = PBXFileReference; fileEncoding = 4; lastKnownFileType = sourcecode.c.objc; path = "UITextField+DisableAutocomplete.m"; sourceTree = "<group>"; };
		C30D567323438C8A0096B006 /* NSURLSessionConfiguration+SBTUITestTunnel.h */ = {isa = PBXFileReference; fileEncoding = 4; lastKnownFileType = sourcecode.c.h; path = "NSURLSessionConfiguration+SBTUITestTunnel.h"; sourceTree = "<group>"; };
		C30D567423438C8A0096B006 /* NSData+SHA1.m */ = {isa = PBXFileReference; fileEncoding = 4; lastKnownFileType = sourcecode.c.objc; path = "NSData+SHA1.m"; sourceTree = "<group>"; };
		C30D567523438C8A0096B006 /* UNUserNotificationCenter+Swizzles.m */ = {isa = PBXFileReference; fileEncoding = 4; lastKnownFileType = sourcecode.c.objc; path = "UNUserNotificationCenter+Swizzles.m"; sourceTree = "<group>"; };
		C30D567623438C8A0096B006 /* SBTProxyURLProtocol.m */ = {isa = PBXFileReference; fileEncoding = 4; lastKnownFileType = sourcecode.c.objc; path = SBTProxyURLProtocol.m; sourceTree = "<group>"; };
		C30D567723438C8A0096B006 /* NSURLSession+HTTPBodyFix.m */ = {isa = PBXFileReference; fileEncoding = 4; lastKnownFileType = sourcecode.c.objc; path = "NSURLSession+HTTPBodyFix.m"; sourceTree = "<group>"; };
		C30D567823438C8A0096B006 /* CLLocationManager+Swizzles.h */ = {isa = PBXFileReference; fileEncoding = 4; lastKnownFileType = sourcecode.c.h; path = "CLLocationManager+Swizzles.h"; sourceTree = "<group>"; };
		C30D567923438C8A0096B006 /* UIView+Extensions.h */ = {isa = PBXFileReference; fileEncoding = 4; lastKnownFileType = sourcecode.c.h; path = "UIView+Extensions.h"; sourceTree = "<group>"; };
		C30D567A23438C8A0096B006 /* UITextField+DisableAutocomplete.h */ = {isa = PBXFileReference; fileEncoding = 4; lastKnownFileType = sourcecode.c.h; path = "UITextField+DisableAutocomplete.h"; sourceTree = "<group>"; };
		C30D567B23438C8A0096B006 /* UNUserNotificationCenter+Swizzles.h */ = {isa = PBXFileReference; fileEncoding = 4; lastKnownFileType = sourcecode.c.h; path = "UNUserNotificationCenter+Swizzles.h"; sourceTree = "<group>"; };
		C30D567C23438C8A0096B006 /* NSData+SHA1.h */ = {isa = PBXFileReference; fileEncoding = 4; lastKnownFileType = sourcecode.c.h; path = "NSData+SHA1.h"; sourceTree = "<group>"; };
		C30D567D23438C8A0096B006 /* NSURLSessionConfiguration+SBTUITestTunnel.m */ = {isa = PBXFileReference; fileEncoding = 4; lastKnownFileType = sourcecode.c.objc; path = "NSURLSessionConfiguration+SBTUITestTunnel.m"; sourceTree = "<group>"; };
		C30D567E23438C8A0096B006 /* SBTAnyViewControllerPreviewing.h */ = {isa = PBXFileReference; fileEncoding = 4; lastKnownFileType = sourcecode.c.h; path = SBTAnyViewControllerPreviewing.h; sourceTree = "<group>"; };
		C30D567F23438C8A0096B006 /* SBTAnyViewControllerPreviewing.m */ = {isa = PBXFileReference; fileEncoding = 4; lastKnownFileType = sourcecode.c.objc; path = SBTAnyViewControllerPreviewing.m; sourceTree = "<group>"; };
		C30D569623438CB20096B006 /* SBTUITestTunnel.h */ = {isa = PBXFileReference; fileEncoding = 4; lastKnownFileType = sourcecode.c.h; path = SBTUITestTunnel.h; sourceTree = "<group>"; };
		C30D569723438CB20096B006 /* SBTRequestMatch.m */ = {isa = PBXFileReference; fileEncoding = 4; lastKnownFileType = sourcecode.c.objc; path = SBTRequestMatch.m; sourceTree = "<group>"; };
		C30D569823438CB20096B006 /* SBTRewrite.m */ = {isa = PBXFileReference; fileEncoding = 4; lastKnownFileType = sourcecode.c.objc; path = SBTRewrite.m; sourceTree = "<group>"; };
		C30D569923438CB20096B006 /* SBTMonitoredNetworkRequest.m */ = {isa = PBXFileReference; fileEncoding = 4; lastKnownFileType = sourcecode.c.objc; path = SBTMonitoredNetworkRequest.m; sourceTree = "<group>"; };
		C30D569A23438CB20096B006 /* NSURLRequest+SBTUITestTunnelMatch.h */ = {isa = PBXFileReference; fileEncoding = 4; lastKnownFileType = sourcecode.c.h; path = "NSURLRequest+SBTUITestTunnelMatch.h"; sourceTree = "<group>"; };
		C30D569B23438CB20096B006 /* NSURLRequest+SBTUITestTunnelMatch.m */ = {isa = PBXFileReference; fileEncoding = 4; lastKnownFileType = sourcecode.c.objc; path = "NSURLRequest+SBTUITestTunnelMatch.m"; sourceTree = "<group>"; };
		C30D569C23438CB20096B006 /* SBTStubResponse.h */ = {isa = PBXFileReference; fileEncoding = 4; lastKnownFileType = sourcecode.c.h; path = SBTStubResponse.h; sourceTree = "<group>"; };
		C30D569E23438CB30096B006 /* NSData+gzip.h */ = {isa = PBXFileReference; fileEncoding = 4; lastKnownFileType = sourcecode.c.h; path = "NSData+gzip.h"; sourceTree = "<group>"; };
		C30D569F23438CB30096B006 /* NSURLRequest+HTTPBodyFix.h */ = {isa = PBXFileReference; fileEncoding = 4; lastKnownFileType = sourcecode.c.h; path = "NSURLRequest+HTTPBodyFix.h"; sourceTree = "<group>"; };
		C30D56A023438CB30096B006 /* NSString+SwiftDemangle.m */ = {isa = PBXFileReference; fileEncoding = 4; lastKnownFileType = sourcecode.c.objc; path = "NSString+SwiftDemangle.m"; sourceTree = "<group>"; };
		C30D56A123438CB30096B006 /* NSURLRequest+HTTPBodyFix.m */ = {isa = PBXFileReference; fileEncoding = 4; lastKnownFileType = sourcecode.c.objc; path = "NSURLRequest+HTTPBodyFix.m"; sourceTree = "<group>"; };
		C30D56A223438CB30096B006 /* NSData+gzip.m */ = {isa = PBXFileReference; fileEncoding = 4; lastKnownFileType = sourcecode.c.objc; path = "NSData+gzip.m"; sourceTree = "<group>"; };
		C30D56A323438CB30096B006 /* NSString+SwiftDemangle.h */ = {isa = PBXFileReference; fileEncoding = 4; lastKnownFileType = sourcecode.c.h; path = "NSString+SwiftDemangle.h"; sourceTree = "<group>"; };
		C30D56A423438CB30096B006 /* SBTMonitoredNetworkRequest.h */ = {isa = PBXFileReference; fileEncoding = 4; lastKnownFileType = sourcecode.c.h; path = SBTMonitoredNetworkRequest.h; sourceTree = "<group>"; };
		C30D56A523438CB30096B006 /* SBTSwizzleHelpers.h */ = {isa = PBXFileReference; fileEncoding = 4; lastKnownFileType = sourcecode.c.h; path = SBTSwizzleHelpers.h; sourceTree = "<group>"; };
		C30D56A623438CB30096B006 /* SBTUITestTunnel.m */ = {isa = PBXFileReference; fileEncoding = 4; lastKnownFileType = sourcecode.c.objc; path = SBTUITestTunnel.m; sourceTree = "<group>"; };
		C30D56A723438CB30096B006 /* SBTRequestMatch.h */ = {isa = PBXFileReference; fileEncoding = 4; lastKnownFileType = sourcecode.c.h; path = SBTRequestMatch.h; sourceTree = "<group>"; };
		C30D56A823438CB30096B006 /* SBTStubResponse.m */ = {isa = PBXFileReference; fileEncoding = 4; lastKnownFileType = sourcecode.c.objc; path = SBTStubResponse.m; sourceTree = "<group>"; };
		C30D56A923438CB30096B006 /* SBTRewrite.h */ = {isa = PBXFileReference; fileEncoding = 4; lastKnownFileType = sourcecode.c.h; path = SBTRewrite.h; sourceTree = "<group>"; };
		C30D56C223438CF60096B006 /* SBTUITestTunnelClient.m */ = {isa = PBXFileReference; fileEncoding = 4; lastKnownFileType = sourcecode.c.objc; path = SBTUITestTunnelClient.m; sourceTree = "<group>"; };
		C30D56C323438CF60096B006 /* SBTUITestTunnelClient.h */ = {isa = PBXFileReference; fileEncoding = 4; lastKnownFileType = sourcecode.c.h; path = SBTUITestTunnelClient.h; sourceTree = "<group>"; };
		C30D56C423438CF60096B006 /* SBTUITestTunnelClientProtocol.h */ = {isa = PBXFileReference; fileEncoding = 4; lastKnownFileType = sourcecode.c.h; path = SBTUITestTunnelClientProtocol.h; sourceTree = "<group>"; };
		C30D56D323439A470096B006 /* SBTUITestTunnelClientProtocol.swift */ = {isa = PBXFileReference; lastKnownFileType = sourcecode.swift; path = SBTUITestTunnelClientProtocol.swift; sourceTree = "<group>"; };
		C332B8742346066C00870971 /* SBTUITunneledApplication.swift */ = {isa = PBXFileReference; lastKnownFileType = sourcecode.swift; path = SBTUITunneledApplication.swift; sourceTree = "<group>"; };
		C332B8BE23463DAE00870971 /* XCTestCase+AppExtension.swift */ = {isa = PBXFileReference; lastKnownFileType = sourcecode.swift; path = "XCTestCase+AppExtension.swift"; sourceTree = "<group>"; };
		C332B8C02346412400870971 /* XCTestCase+Swizzles.swift */ = {isa = PBXFileReference; lastKnownFileType = sourcecode.swift; path = "XCTestCase+Swizzles.swift"; sourceTree = "<group>"; };
		C3C4894C23424DF500F288C7 /* UITestKitCommon.framework */ = {isa = PBXFileReference; explicitFileType = wrapper.framework; includeInIndex = 0; path = UITestKitCommon.framework; sourceTree = BUILT_PRODUCTS_DIR; };
		C3C4894E23424DF500F288C7 /* UITestKitCommon.h */ = {isa = PBXFileReference; lastKnownFileType = sourcecode.c.h; path = UITestKitCommon.h; sourceTree = "<group>"; };
		C3C4894F23424DF500F288C7 /* Info.plist */ = {isa = PBXFileReference; lastKnownFileType = text.plist.xml; path = Info.plist; sourceTree = "<group>"; };
		CE047570231E70D600108221 /* UITestKitServer.framework */ = {isa = PBXFileReference; explicitFileType = wrapper.framework; includeInIndex = 0; path = UITestKitServer.framework; sourceTree = BUILT_PRODUCTS_DIR; };
		CE047572231E70D600108221 /* UITestKitServer.h */ = {isa = PBXFileReference; lastKnownFileType = sourcecode.c.h; path = UITestKitServer.h; sourceTree = "<group>"; };
		CE047573231E70D600108221 /* Info.plist */ = {isa = PBXFileReference; lastKnownFileType = text.plist.xml; path = Info.plist; sourceTree = "<group>"; };
		CE074E70231D57CE00A50F4E /* XCTest.framework */ = {isa = PBXFileReference; lastKnownFileType = wrapper.framework; name = XCTest.framework; path = Platforms/iPhoneOS.platform/Developer/Library/Frameworks/XCTest.framework; sourceTree = DEVELOPER_DIR; };
		CE074EA4231D641F00A50F4E /* Foundation.framework */ = {isa = PBXFileReference; lastKnownFileType = wrapper.framework; name = Foundation.framework; path = System/Library/Frameworks/Foundation.framework; sourceTree = SDKROOT; };
		CE074EA6231D642600A50F4E /* UIKit.framework */ = {isa = PBXFileReference; lastKnownFileType = wrapper.framework; name = UIKit.framework; path = System/Library/Frameworks/UIKit.framework; sourceTree = SDKROOT; };
		CE074ECD231D68C300A50F4E /* GCDWebServers.framework */ = {isa = PBXFileReference; lastKnownFileType = wrapper.framework; name = GCDWebServers.framework; path = Carthage/Build/iOS/GCDWebServers.framework; sourceTree = "<group>"; };
		CE074ED4231D698200A50F4E /* UITestKitClient.framework */ = {isa = PBXFileReference; explicitFileType = wrapper.framework; includeInIndex = 0; path = UITestKitClient.framework; sourceTree = BUILT_PRODUCTS_DIR; };
		CE074ED6231D698200A50F4E /* UITestKitClient.h */ = {isa = PBXFileReference; lastKnownFileType = sourcecode.c.h; path = UITestKitClient.h; sourceTree = "<group>"; };
		CE074ED7231D698200A50F4E /* Info.plist */ = {isa = PBXFileReference; lastKnownFileType = text.plist.xml; path = Info.plist; sourceTree = "<group>"; };
/* End PBXFileReference section */

/* Begin PBXFrameworksBuildPhase section */
		C3C4894923424DF500F288C7 /* Frameworks */ = {
			isa = PBXFrameworksBuildPhase;
			buildActionMask = 2147483647;
			files = (
				C3C4897623424EAA00F288C7 /* Foundation.framework in Frameworks */,
			);
			runOnlyForDeploymentPostprocessing = 0;
		};
		CE04756D231E70D600108221 /* Frameworks */ = {
			isa = PBXFrameworksBuildPhase;
			buildActionMask = 2147483647;
			files = (
				C30D56D22343935C0096B006 /* Foundation.framework in Frameworks */,
				CE04759D231E713700108221 /* GCDWebServers.framework in Frameworks */,
				C3C489C32343544C00F288C7 /* UITestKitCommon.framework in Frameworks */,
			);
			runOnlyForDeploymentPostprocessing = 0;
		};
		CE074ED1231D698200A50F4E /* Frameworks */ = {
			isa = PBXFrameworksBuildPhase;
			buildActionMask = 2147483647;
			files = (
				C30D56D0234393150096B006 /* Foundation.framework in Frameworks */,
				C3C489C22343544500F288C7 /* UITestKitCommon.framework in Frameworks */,
				C30D56D12343932D0096B006 /* UITestKitServer.framework in Frameworks */,
				C3C4897723433D7A00F288C7 /* XCTest.framework in Frameworks */,
			);
			runOnlyForDeploymentPostprocessing = 0;
		};
/* End PBXFrameworksBuildPhase section */

/* Begin PBXGroup section */
		C30D566D23438C8A0096B006 /* Private */ = {
			isa = PBXGroup;
			children = (
				C30D567823438C8A0096B006 /* CLLocationManager+Swizzles.h */,
				C30D567123438C8A0096B006 /* CLLocationManager+Swizzles.m */,
				C30D567C23438C8A0096B006 /* NSData+SHA1.h */,
				C30D567423438C8A0096B006 /* NSData+SHA1.m */,
				C30D566E23438C8A0096B006 /* NSURLSession+HTTPBodyFix.h */,
				C30D567723438C8A0096B006 /* NSURLSession+HTTPBodyFix.m */,
				C30D567323438C8A0096B006 /* NSURLSessionConfiguration+SBTUITestTunnel.h */,
				C30D567D23438C8A0096B006 /* NSURLSessionConfiguration+SBTUITestTunnel.m */,
				C30D566F23438C8A0096B006 /* SBTProxyURLProtocol.h */,
				C30D567623438C8A0096B006 /* SBTProxyURLProtocol.m */,
				C30D567A23438C8A0096B006 /* UITextField+DisableAutocomplete.h */,
				C30D567223438C8A0096B006 /* UITextField+DisableAutocomplete.m */,
				C30D567923438C8A0096B006 /* UIView+Extensions.h */,
				C30D567023438C8A0096B006 /* UIView+Extensions.m */,
				C30D567B23438C8A0096B006 /* UNUserNotificationCenter+Swizzles.h */,
				C30D567523438C8A0096B006 /* UNUserNotificationCenter+Swizzles.m */,
			);
			path = Private;
			sourceTree = "<group>";
		};
		C30D569D23438CB30096B006 /* Private */ = {
			isa = PBXGroup;
			children = (
				C30D569E23438CB30096B006 /* NSData+gzip.h */,
				C30D569F23438CB30096B006 /* NSURLRequest+HTTPBodyFix.h */,
				C30D56A023438CB30096B006 /* NSString+SwiftDemangle.m */,
				C30D56A123438CB30096B006 /* NSURLRequest+HTTPBodyFix.m */,
				C30D56A223438CB30096B006 /* NSData+gzip.m */,
				C30D56A323438CB30096B006 /* NSString+SwiftDemangle.h */,
			);
			path = Private;
			sourceTree = "<group>";
		};
		C30D56BF23438CF60096B006 /* Private */ = {
			isa = PBXGroup;
			children = (
				C332B8C02346412400870971 /* XCTestCase+Swizzles.swift */,
			);
			path = Private;
			sourceTree = "<group>";
		};
		C3C4894D23424DF500F288C7 /* UITestKitCommon */ = {
			isa = PBXGroup;
			children = (
				C3C4894E23424DF500F288C7 /* UITestKitCommon.h */,
				C3C4894F23424DF500F288C7 /* Info.plist */,
			);
			path = UITestKitCommon;
			sourceTree = "<group>";
		};
		CE047571231E70D600108221 /* UITestKitServer */ = {
			isa = PBXGroup;
			children = (
				CE047572231E70D600108221 /* UITestKitServer.h */,
				CE047573231E70D600108221 /* Info.plist */,
			);
			path = UITestKitServer;
			sourceTree = "<group>";
		};
		CE074DFB231D569300A50F4E = {
			isa = PBXGroup;
			children = (
				CE074E6F231D57CE00A50F4E /* Frameworks */,
				CE074E06231D569300A50F4E /* Products */,
				CE074E07231D569300A50F4E /* UITestKit */,
				CE074ED5231D698200A50F4E /* UITestKitClient */,
				C3C4894D23424DF500F288C7 /* UITestKitCommon */,
				CE047571231E70D600108221 /* UITestKitServer */,
			);
			sourceTree = "<group>";
		};
		CE074E06231D569300A50F4E /* Products */ = {
			isa = PBXGroup;
			children = (
				CE074ED4231D698200A50F4E /* UITestKitClient.framework */,
				CE047570231E70D600108221 /* UITestKitServer.framework */,
				C3C4894C23424DF500F288C7 /* UITestKitCommon.framework */,
			);
			name = Products;
			sourceTree = "<group>";
		};
		CE074E07231D569300A50F4E /* UITestKit */ = {
			isa = PBXGroup;
			children = (
				CE074E4A231D578A00A50F4E /* Server */,
				CE074E23231D578400A50F4E /* Common */,
				CE074E10231D577A00A50F4E /* Client */,
			);
			name = UITestKit;
			path = Pod;
			sourceTree = "<group>";
		};
		CE074E10231D577A00A50F4E /* Client */ = {
			isa = PBXGroup;
			children = (
				C30D56BF23438CF60096B006 /* Private */,
				C30D56C323438CF60096B006 /* SBTUITestTunnelClient.h */,
				C30D56C223438CF60096B006 /* SBTUITestTunnelClient.m */,
				C30D56C423438CF60096B006 /* SBTUITestTunnelClientProtocol.h */,
				C30D56D323439A470096B006 /* SBTUITestTunnelClientProtocol.swift */,
				C332B8742346066C00870971 /* SBTUITunneledApplication.swift */,
				C332B8BE23463DAE00870971 /* XCTestCase+AppExtension.swift */,
			);
			name = Client;
			path = Pod/Client;
			sourceTree = SOURCE_ROOT;
		};
		CE074E23231D578400A50F4E /* Common */ = {
			isa = PBXGroup;
			children = (
				C30D569A23438CB20096B006 /* NSURLRequest+SBTUITestTunnelMatch.h */,
				C30D569B23438CB20096B006 /* NSURLRequest+SBTUITestTunnelMatch.m */,
				C30D569D23438CB30096B006 /* Private */,
				C30D56A423438CB30096B006 /* SBTMonitoredNetworkRequest.h */,
				C30D569923438CB20096B006 /* SBTMonitoredNetworkRequest.m */,
				C30D56A723438CB30096B006 /* SBTRequestMatch.h */,
				C30D569723438CB20096B006 /* SBTRequestMatch.m */,
				C30D56A923438CB30096B006 /* SBTRewrite.h */,
				C30D569823438CB20096B006 /* SBTRewrite.m */,
				C30D569C23438CB20096B006 /* SBTStubResponse.h */,
				C30D56A823438CB30096B006 /* SBTStubResponse.m */,
				C30D56A523438CB30096B006 /* SBTSwizzleHelpers.h */,
				C30D569623438CB20096B006 /* SBTUITestTunnel.h */,
				C30D56A623438CB30096B006 /* SBTUITestTunnel.m */,
			);
			name = Common;
			path = Pod/Common;
			sourceTree = SOURCE_ROOT;
		};
		CE074E4A231D578A00A50F4E /* Server */ = {
			isa = PBXGroup;
			children = (
				C30D566D23438C8A0096B006 /* Private */,
				C30D567E23438C8A0096B006 /* SBTAnyViewControllerPreviewing.h */,
				C30D567F23438C8A0096B006 /* SBTAnyViewControllerPreviewing.m */,
				C30D566A23438C890096B006 /* SBTUITestTunnelServer.h */,
				C30D566C23438C890096B006 /* SBTUITestTunnelServer.m */,
				C30D566923438C890096B006 /* UIViewController+SBTUITestTunnel.h */,
				C30D566B23438C890096B006 /* UIViewController+SBTUITestTunnel.m */,
			);
			name = Server;
			path = Pod/Server;
			sourceTree = SOURCE_ROOT;
		};
		CE074E6F231D57CE00A50F4E /* Frameworks */ = {
			isa = PBXGroup;
			children = (
				CE074ECD231D68C300A50F4E /* GCDWebServers.framework */,
				CE074EA6231D642600A50F4E /* UIKit.framework */,
				CE074EA4231D641F00A50F4E /* Foundation.framework */,
				CE074E70231D57CE00A50F4E /* XCTest.framework */,
			);
			name = Frameworks;
			sourceTree = "<group>";
		};
		CE074ED5231D698200A50F4E /* UITestKitClient */ = {
			isa = PBXGroup;
			children = (
				CE074ED6231D698200A50F4E /* UITestKitClient.h */,
				CE074ED7231D698200A50F4E /* Info.plist */,
			);
			path = UITestKitClient;
			sourceTree = "<group>";
		};
/* End PBXGroup section */

/* Begin PBXHeadersBuildPhase section */
		C3C4894723424DF500F288C7 /* Headers */ = {
			isa = PBXHeadersBuildPhase;
			buildActionMask = 2147483647;
			files = (
				C3C4895C23424DF500F288C7 /* UITestKitCommon.h in Headers */,
				C30D56AE23438CB30096B006 /* NSURLRequest+SBTUITestTunnelMatch.h in Headers */,
				C30D56B023438CB30096B006 /* SBTStubResponse.h in Headers */,
				C30D56BA23438CB30096B006 /* SBTRequestMatch.h in Headers */,
				C30D56BC23438CB30096B006 /* SBTRewrite.h in Headers */,
				C30D56AA23438CB30096B006 /* SBTUITestTunnel.h in Headers */,
				C30D56B723438CB30096B006 /* SBTMonitoredNetworkRequest.h in Headers */,
				C30D56B123438CB30096B006 /* NSData+gzip.h in Headers */,
				C30D56B623438CB30096B006 /* NSString+SwiftDemangle.h in Headers */,
				C30D56B223438CB30096B006 /* NSURLRequest+HTTPBodyFix.h in Headers */,
				C30D56B823438CB30096B006 /* SBTSwizzleHelpers.h in Headers */,
			);
			runOnlyForDeploymentPostprocessing = 0;
		};
		CE04756B231E70D600108221 /* Headers */ = {
			isa = PBXHeadersBuildPhase;
			buildActionMask = 2147483647;
			files = (
				CE047574231E70D600108221 /* UITestKitServer.h in Headers */,
				C30D568023438C8A0096B006 /* UIViewController+SBTUITestTunnel.h in Headers */,
				C30D568123438C8A0096B006 /* SBTUITestTunnelServer.h in Headers */,
				C30D568523438C8A0096B006 /* SBTProxyURLProtocol.h in Headers */,
				C30D568E23438C8A0096B006 /* CLLocationManager+Swizzles.h in Headers */,
				C30D568923438C8A0096B006 /* NSURLSessionConfiguration+SBTUITestTunnel.h in Headers */,
				C30D568423438C8A0096B006 /* NSURLSession+HTTPBodyFix.h in Headers */,
				C30D568F23438C8A0096B006 /* UIView+Extensions.h in Headers */,
				C30D569023438C8A0096B006 /* UITextField+DisableAutocomplete.h in Headers */,
				C30D569123438C8A0096B006 /* UNUserNotificationCenter+Swizzles.h in Headers */,
				C30D569223438C8A0096B006 /* NSData+SHA1.h in Headers */,
				C30D569423438C8A0096B006 /* SBTAnyViewControllerPreviewing.h in Headers */,
			);
			runOnlyForDeploymentPostprocessing = 0;
		};
		CE074ECF231D698200A50F4E /* Headers */ = {
			isa = PBXHeadersBuildPhase;
			buildActionMask = 2147483647;
			files = (
				CE074ED8231D698200A50F4E /* UITestKitClient.h in Headers */,
				C30D56CC23438CF60096B006 /* SBTUITestTunnelClient.h in Headers */,
				C30D56CD23438CF60096B006 /* SBTUITestTunnelClientProtocol.h in Headers */,
			);
			runOnlyForDeploymentPostprocessing = 0;
		};
/* End PBXHeadersBuildPhase section */

/* Begin PBXNativeTarget section */
		C3C4894B23424DF500F288C7 /* UITestKitCommon */ = {
			isa = PBXNativeTarget;
			buildConfigurationList = C3C4895D23424DF500F288C7 /* Build configuration list for PBXNativeTarget "UITestKitCommon" */;
			buildPhases = (
				C3C4894723424DF500F288C7 /* Headers */,
				C3C4894823424DF500F288C7 /* Sources */,
				C3C4894923424DF500F288C7 /* Frameworks */,
				C3C4894A23424DF500F288C7 /* Resources */,
			);
			buildRules = (
			);
			dependencies = (
			);
			name = UITestKitCommon;
			productName = UITestKitCommon;
			productReference = C3C4894C23424DF500F288C7 /* UITestKitCommon.framework */;
			productType = "com.apple.product-type.framework";
		};
		CE04756F231E70D600108221 /* UITestKitServer */ = {
			isa = PBXNativeTarget;
			buildConfigurationList = CE047575231E70D600108221 /* Build configuration list for PBXNativeTarget "UITestKitServer" */;
			buildPhases = (
				CE04756B231E70D600108221 /* Headers */,
				CE04756C231E70D600108221 /* Sources */,
				CE04756D231E70D600108221 /* Frameworks */,
				CE04756E231E70D600108221 /* Resources */,
			);
			buildRules = (
			);
			dependencies = (
				C3C489EE2343565B00F288C7 /* PBXTargetDependency */,
			);
			name = UITestKitServer;
			productName = UITestKitServer;
			productReference = CE047570231E70D600108221 /* UITestKitServer.framework */;
			productType = "com.apple.product-type.framework";
		};
		CE074ED3231D698200A50F4E /* UITestKitClient */ = {
			isa = PBXNativeTarget;
			buildConfigurationList = CE074ED9231D698200A50F4E /* Build configuration list for PBXNativeTarget "UITestKitClient" */;
			buildPhases = (
				CE074ECF231D698200A50F4E /* Headers */,
				CE074ED0231D698200A50F4E /* Sources */,
				CE074ED1231D698200A50F4E /* Frameworks */,
				CE074ED2231D698200A50F4E /* Resources */,
			);
			buildRules = (
			);
			dependencies = (
			);
			name = UITestKitClient;
			productName = SBTUITestTunnelClient;
			productReference = CE074ED4231D698200A50F4E /* UITestKitClient.framework */;
			productType = "com.apple.product-type.framework";
		};
/* End PBXNativeTarget section */

/* Begin PBXProject section */
		CE074DFC231D569300A50F4E /* Project object */ = {
			isa = PBXProject;
			attributes = {
				LastSwiftUpdateCheck = 1030;
				LastUpgradeCheck = 1020;
				ORGANIZATIONNAME = Qonto;
				TargetAttributes = {
					C3C4894B23424DF500F288C7 = {
						CreatedOnToolsVersion = 10.3;
					};
					CE04756F231E70D600108221 = {
						CreatedOnToolsVersion = 10.2.1;
					};
					CE074ED3231D698200A50F4E = {
						CreatedOnToolsVersion = 10.2.1;
						LastSwiftMigration = 1030;
					};
				};
			};
			buildConfigurationList = CE074DFF231D569300A50F4E /* Build configuration list for PBXProject "UITestKit" */;
			compatibilityVersion = "Xcode 9.3";
			developmentRegion = en;
			hasScannedForEncodings = 0;
			knownRegions = (
				en,
				Base,
			);
			mainGroup = CE074DFB231D569300A50F4E;
			productRefGroup = CE074E06231D569300A50F4E /* Products */;
			projectDirPath = "";
			projectRoot = "";
			targets = (
				CE074ED3231D698200A50F4E /* UITestKitClient */,
				CE04756F231E70D600108221 /* UITestKitServer */,
				C3C4894B23424DF500F288C7 /* UITestKitCommon */,
			);
		};
/* End PBXProject section */

/* Begin PBXResourcesBuildPhase section */
		C3C4894A23424DF500F288C7 /* Resources */ = {
			isa = PBXResourcesBuildPhase;
			buildActionMask = 2147483647;
			files = (
			);
			runOnlyForDeploymentPostprocessing = 0;
		};
		CE04756E231E70D600108221 /* Resources */ = {
			isa = PBXResourcesBuildPhase;
			buildActionMask = 2147483647;
			files = (
			);
			runOnlyForDeploymentPostprocessing = 0;
		};
		CE074ED2231D698200A50F4E /* Resources */ = {
			isa = PBXResourcesBuildPhase;
			buildActionMask = 2147483647;
			files = (
			);
			runOnlyForDeploymentPostprocessing = 0;
		};
/* End PBXResourcesBuildPhase section */

/* Begin PBXSourcesBuildPhase section */
		C3C4894823424DF500F288C7 /* Sources */ = {
			isa = PBXSourcesBuildPhase;
			buildActionMask = 2147483647;
			files = (
				C30D56B423438CB30096B006 /* NSURLRequest+HTTPBodyFix.m in Sources */,
				C30D56B923438CB30096B006 /* SBTUITestTunnel.m in Sources */,
				C30D56AF23438CB30096B006 /* NSURLRequest+SBTUITestTunnelMatch.m in Sources */,
				C30D56AC23438CB30096B006 /* SBTRewrite.m in Sources */,
				C30D56B323438CB30096B006 /* NSString+SwiftDemangle.m in Sources */,
				C30D56AB23438CB30096B006 /* SBTRequestMatch.m in Sources */,
				C30D56BB23438CB30096B006 /* SBTStubResponse.m in Sources */,
				C30D56AD23438CB30096B006 /* SBTMonitoredNetworkRequest.m in Sources */,
				C30D56B523438CB30096B006 /* NSData+gzip.m in Sources */,
			);
			runOnlyForDeploymentPostprocessing = 0;
		};
		CE04756C231E70D600108221 /* Sources */ = {
			isa = PBXSourcesBuildPhase;
			buildActionMask = 2147483647;
			files = (
				C30D569323438C8A0096B006 /* NSURLSessionConfiguration+SBTUITestTunnel.m in Sources */,
				C30D568D23438C8A0096B006 /* NSURLSession+HTTPBodyFix.m in Sources */,
				C30D569523438C8A0096B006 /* SBTAnyViewControllerPreviewing.m in Sources */,
				C30D568C23438C8A0096B006 /* SBTProxyURLProtocol.m in Sources */,
				C30D568823438C8A0096B006 /* UITextField+DisableAutocomplete.m in Sources */,
				C30D568A23438C8A0096B006 /* NSData+SHA1.m in Sources */,
				C30D568723438C8A0096B006 /* CLLocationManager+Swizzles.m in Sources */,
				C30D568323438C8A0096B006 /* SBTUITestTunnelServer.m in Sources */,
				C30D568623438C8A0096B006 /* UIView+Extensions.m in Sources */,
				C30D568B23438C8A0096B006 /* UNUserNotificationCenter+Swizzles.m in Sources */,
				C30D568223438C8A0096B006 /* UIViewController+SBTUITestTunnel.m in Sources */,
			);
			runOnlyForDeploymentPostprocessing = 0;
		};
		CE074ED0231D698200A50F4E /* Sources */ = {
			isa = PBXSourcesBuildPhase;
			buildActionMask = 2147483647;
			files = (
				C332B8BF23463DAE00870971 /* XCTestCase+AppExtension.swift in Sources */,
				C332B8C12346412400870971 /* XCTestCase+Swizzles.swift in Sources */,
				C332B8752346066C00870971 /* SBTUITunneledApplication.swift in Sources */,
				C30D56CB23438CF60096B006 /* SBTUITestTunnelClient.m in Sources */,
				C30D56D423439A470096B006 /* SBTUITestTunnelClientProtocol.swift in Sources */,
			);
			runOnlyForDeploymentPostprocessing = 0;
		};
/* End PBXSourcesBuildPhase section */

/* Begin PBXTargetDependency section */
		C3C489EE2343565B00F288C7 /* PBXTargetDependency */ = {
			isa = PBXTargetDependency;
			target = C3C4894B23424DF500F288C7 /* UITestKitCommon */;
			targetProxy = C3C489ED2343565B00F288C7 /* PBXContainerItemProxy */;
		};
/* End PBXTargetDependency section */

/* Begin XCBuildConfiguration section */
		C3C4895E23424DF500F288C7 /* Debug */ = {
			isa = XCBuildConfiguration;
			buildSettings = {
				ALWAYS_EMBED_SWIFT_STANDARD_LIBRARIES = YES;
				CODE_SIGN_IDENTITY = "";
				CODE_SIGN_STYLE = Automatic;
				DEBUG_INFORMATION_FORMAT = "dwarf-with-dsym";
				DEFINES_MODULE = YES;
				DYLIB_COMPATIBILITY_VERSION = 1;
				DYLIB_CURRENT_VERSION = 1;
				DYLIB_INSTALL_NAME_BASE = "@rpath";
				FRAMEWORK_SEARCH_PATHS = "$(PLATFORM_DIR)/Developer/Library/Frameworks";
				INFOPLIST_FILE = UITestKitCommon/Info.plist;
				INSTALL_PATH = "$(LOCAL_LIBRARY_DIR)/Frameworks";
				IPHONEOS_DEPLOYMENT_TARGET = 10.0;
				LD_RUNPATH_SEARCH_PATHS = (
					"$(inherited)",
					"@executable_path/Frameworks",
					"@loader_path/Frameworks",
				);
				ONLY_ACTIVE_ARCH = NO;
				PRODUCT_BUNDLE_IDENTIFIER = com.uitestkit.UITestKitCommon;
				PRODUCT_NAME = "$(TARGET_NAME:c99extidentifier)";
				SKIP_INSTALL = YES;
				SWIFT_VERSION = 5.0;
				TARGETED_DEVICE_FAMILY = "1,2";
			};
			name = Debug;
		};
		C3C4895F23424DF500F288C7 /* Release */ = {
			isa = XCBuildConfiguration;
			buildSettings = {
				ALWAYS_EMBED_SWIFT_STANDARD_LIBRARIES = YES;
				CODE_SIGN_IDENTITY = "";
				CODE_SIGN_STYLE = Automatic;
				DEBUG_INFORMATION_FORMAT = "dwarf-with-dsym";
				DEFINES_MODULE = YES;
				DYLIB_COMPATIBILITY_VERSION = 1;
				DYLIB_CURRENT_VERSION = 1;
				DYLIB_INSTALL_NAME_BASE = "@rpath";
				FRAMEWORK_SEARCH_PATHS = "$(PLATFORM_DIR)/Developer/Library/Frameworks";
				INFOPLIST_FILE = UITestKitCommon/Info.plist;
				INSTALL_PATH = "$(LOCAL_LIBRARY_DIR)/Frameworks";
				IPHONEOS_DEPLOYMENT_TARGET = 10.0;
				LD_RUNPATH_SEARCH_PATHS = (
					"$(inherited)",
					"@executable_path/Frameworks",
					"@loader_path/Frameworks",
				);
				ONLY_ACTIVE_ARCH = NO;
				PRODUCT_BUNDLE_IDENTIFIER = com.uitestkit.UITestKitCommon;
				PRODUCT_NAME = "$(TARGET_NAME:c99extidentifier)";
				SKIP_INSTALL = YES;
				SWIFT_VERSION = 5.0;
				TARGETED_DEVICE_FAMILY = "1,2";
			};
			name = Release;
		};
		CE047576231E70D600108221 /* Debug */ = {
			isa = XCBuildConfiguration;
			buildSettings = {
				ALWAYS_EMBED_SWIFT_STANDARD_LIBRARIES = YES;
				CLANG_CXX_LANGUAGE_STANDARD = "compiler-default";
				CLANG_CXX_LIBRARY = "compiler-default";
				CLANG_ENABLE_OBJC_WEAK = NO;
				CODE_SIGN_IDENTITY = "";
				CODE_SIGN_STYLE = Automatic;
				DEBUG_INFORMATION_FORMAT = "dwarf-with-dsym";
				DEFINES_MODULE = YES;
				DYLIB_COMPATIBILITY_VERSION = 1;
				DYLIB_CURRENT_VERSION = 1;
				DYLIB_INSTALL_NAME_BASE = "@rpath";
				ENABLE_TESTABILITY = NO;
				FRAMEWORK_SEARCH_PATHS = (
					"$(inherited)",
					"$(PROJECT_DIR)/Carthage/Build/iOS",
				);
				GCC_C_LANGUAGE_STANDARD = "compiler-default";
				INFOPLIST_FILE = UITestKitServer/Info.plist;
				INSTALL_PATH = "$(LOCAL_LIBRARY_DIR)/Frameworks";
				IPHONEOS_DEPLOYMENT_TARGET = 10.0;
				LD_RUNPATH_SEARCH_PATHS = (
					"$(inherited)",
					"@executable_path/Frameworks",
					"@loader_path/Frameworks",
				);
				ONLY_ACTIVE_ARCH = NO;
				PRODUCT_BUNDLE_IDENTIFIER = "qonto.eu.SBTUITestTunnel-Server";
				PRODUCT_NAME = "$(TARGET_NAME:c99extidentifier)";
				SKIP_INSTALL = YES;
				TARGETED_DEVICE_FAMILY = "1,2";
				VALIDATE_PRODUCT = NO;
				VERSIONING_SYSTEM = "";
			};
			name = Debug;
		};
		CE047577231E70D600108221 /* Release */ = {
			isa = XCBuildConfiguration;
			buildSettings = {
				ALWAYS_EMBED_SWIFT_STANDARD_LIBRARIES = YES;
				CLANG_CXX_LANGUAGE_STANDARD = "compiler-default";
				CLANG_CXX_LIBRARY = "compiler-default";
				CLANG_ENABLE_OBJC_WEAK = NO;
				CODE_SIGN_IDENTITY = "";
				CODE_SIGN_STYLE = Automatic;
				DEFINES_MODULE = YES;
				DYLIB_COMPATIBILITY_VERSION = 1;
				DYLIB_CURRENT_VERSION = 1;
				DYLIB_INSTALL_NAME_BASE = "@rpath";
				ENABLE_TESTABILITY = NO;
				FRAMEWORK_SEARCH_PATHS = (
					"$(inherited)",
					"$(PROJECT_DIR)/Carthage/Build/iOS",
				);
				GCC_C_LANGUAGE_STANDARD = "compiler-default";
				INFOPLIST_FILE = UITestKitServer/Info.plist;
				INSTALL_PATH = "$(LOCAL_LIBRARY_DIR)/Frameworks";
				IPHONEOS_DEPLOYMENT_TARGET = 10.0;
				LD_RUNPATH_SEARCH_PATHS = (
					"$(inherited)",
					"@executable_path/Frameworks",
					"@loader_path/Frameworks",
				);
				PRODUCT_BUNDLE_IDENTIFIER = "qonto.eu.SBTUITestTunnel-Server";
				PRODUCT_NAME = "$(TARGET_NAME:c99extidentifier)";
				SKIP_INSTALL = YES;
				TARGETED_DEVICE_FAMILY = "1,2";
				VALIDATE_PRODUCT = NO;
				VERSIONING_SYSTEM = "";
			};
			name = Release;
		};
		CE074E0B231D569300A50F4E /* Debug */ = {
			isa = XCBuildConfiguration;
			buildSettings = {
				ALWAYS_SEARCH_USER_PATHS = NO;
				CLANG_ANALYZER_NONNULL = YES;
				CLANG_ANALYZER_NUMBER_OBJECT_CONVERSION = YES_AGGRESSIVE;
				CLANG_CXX_LANGUAGE_STANDARD = "gnu++14";
				CLANG_CXX_LIBRARY = "libc++";
				CLANG_ENABLE_MODULES = YES;
				CLANG_ENABLE_OBJC_ARC = YES;
				CLANG_ENABLE_OBJC_WEAK = YES;
				CLANG_WARN_BLOCK_CAPTURE_AUTORELEASING = YES;
				CLANG_WARN_BOOL_CONVERSION = YES;
				CLANG_WARN_COMMA = YES;
				CLANG_WARN_CONSTANT_CONVERSION = YES;
				CLANG_WARN_DEPRECATED_OBJC_IMPLEMENTATIONS = YES;
				CLANG_WARN_DIRECT_OBJC_ISA_USAGE = YES_ERROR;
				CLANG_WARN_DOCUMENTATION_COMMENTS = YES;
				CLANG_WARN_EMPTY_BODY = YES;
				CLANG_WARN_ENUM_CONVERSION = YES;
				CLANG_WARN_INFINITE_RECURSION = YES;
				CLANG_WARN_INT_CONVERSION = YES;
				CLANG_WARN_NON_LITERAL_NULL_CONVERSION = YES;
				CLANG_WARN_OBJC_IMPLICIT_RETAIN_SELF = YES;
				CLANG_WARN_OBJC_LITERAL_CONVERSION = YES;
				CLANG_WARN_OBJC_ROOT_CLASS = YES_ERROR;
				CLANG_WARN_RANGE_LOOP_ANALYSIS = YES;
				CLANG_WARN_STRICT_PROTOTYPES = YES;
				CLANG_WARN_SUSPICIOUS_MOVE = YES;
				CLANG_WARN_UNGUARDED_AVAILABILITY = YES_AGGRESSIVE;
				CLANG_WARN_UNREACHABLE_CODE = YES;
				CLANG_WARN__DUPLICATE_METHOD_MATCH = YES;
				CODE_SIGN_IDENTITY = "iPhone Developer";
				COPY_PHASE_STRIP = NO;
				CURRENT_PROJECT_VERSION = 1;
				DEBUG_INFORMATION_FORMAT = "dwarf-with-dsym";
				DEFINES_MODULE = YES;
				ENABLE_STRICT_OBJC_MSGSEND = YES;
				ENABLE_TESTABILITY = YES;
				FRAMEWORK_SEARCH_PATHS = "$(PLATFORM_DIR)/Developer/Library/Frameworks";
				GCC_C_LANGUAGE_STANDARD = gnu11;
				GCC_DYNAMIC_NO_PIC = NO;
				GCC_NO_COMMON_BLOCKS = YES;
				GCC_OPTIMIZATION_LEVEL = 0;
				GCC_PREPROCESSOR_DEFINITIONS = (
					"DEBUG=1",
					"$(inherited)",
				);
				GCC_WARN_64_TO_32_BIT_CONVERSION = YES;
				GCC_WARN_ABOUT_RETURN_TYPE = YES_ERROR;
				GCC_WARN_UNDECLARED_SELECTOR = YES;
				GCC_WARN_UNINITIALIZED_AUTOS = YES_AGGRESSIVE;
				GCC_WARN_UNUSED_FUNCTION = YES;
				GCC_WARN_UNUSED_VARIABLE = YES;
				IPHONEOS_DEPLOYMENT_TARGET = 12.2;
				MTL_ENABLE_DEBUG_INFO = INCLUDE_SOURCE;
				MTL_FAST_MATH = YES;
				ONLY_ACTIVE_ARCH = YES;
				SDKROOT = iphoneos;
				SWIFT_ACTIVE_COMPILATION_CONDITIONS = DEBUG;
				SWIFT_OPTIMIZATION_LEVEL = "-Onone";
				VERSIONING_SYSTEM = "apple-generic";
				VERSION_INFO_PREFIX = "";
			};
			name = Debug;
		};
		CE074E0C231D569300A50F4E /* Release */ = {
			isa = XCBuildConfiguration;
			buildSettings = {
				ALWAYS_SEARCH_USER_PATHS = NO;
				CLANG_ANALYZER_NONNULL = YES;
				CLANG_ANALYZER_NUMBER_OBJECT_CONVERSION = YES_AGGRESSIVE;
				CLANG_CXX_LANGUAGE_STANDARD = "gnu++14";
				CLANG_CXX_LIBRARY = "libc++";
				CLANG_ENABLE_MODULES = YES;
				CLANG_ENABLE_OBJC_ARC = YES;
				CLANG_ENABLE_OBJC_WEAK = YES;
				CLANG_WARN_BLOCK_CAPTURE_AUTORELEASING = YES;
				CLANG_WARN_BOOL_CONVERSION = YES;
				CLANG_WARN_COMMA = YES;
				CLANG_WARN_CONSTANT_CONVERSION = YES;
				CLANG_WARN_DEPRECATED_OBJC_IMPLEMENTATIONS = YES;
				CLANG_WARN_DIRECT_OBJC_ISA_USAGE = YES_ERROR;
				CLANG_WARN_DOCUMENTATION_COMMENTS = YES;
				CLANG_WARN_EMPTY_BODY = YES;
				CLANG_WARN_ENUM_CONVERSION = YES;
				CLANG_WARN_INFINITE_RECURSION = YES;
				CLANG_WARN_INT_CONVERSION = YES;
				CLANG_WARN_NON_LITERAL_NULL_CONVERSION = YES;
				CLANG_WARN_OBJC_IMPLICIT_RETAIN_SELF = YES;
				CLANG_WARN_OBJC_LITERAL_CONVERSION = YES;
				CLANG_WARN_OBJC_ROOT_CLASS = YES_ERROR;
				CLANG_WARN_RANGE_LOOP_ANALYSIS = YES;
				CLANG_WARN_STRICT_PROTOTYPES = YES;
				CLANG_WARN_SUSPICIOUS_MOVE = YES;
				CLANG_WARN_UNGUARDED_AVAILABILITY = YES_AGGRESSIVE;
				CLANG_WARN_UNREACHABLE_CODE = YES;
				CLANG_WARN__DUPLICATE_METHOD_MATCH = YES;
				CODE_SIGN_IDENTITY = "iPhone Developer";
				COPY_PHASE_STRIP = NO;
				CURRENT_PROJECT_VERSION = 1;
				DEBUG_INFORMATION_FORMAT = "dwarf-with-dsym";
				DEFINES_MODULE = YES;
				ENABLE_NS_ASSERTIONS = NO;
				ENABLE_STRICT_OBJC_MSGSEND = YES;
				FRAMEWORK_SEARCH_PATHS = "$(PLATFORM_DIR)/Developer/Library/Frameworks";
				GCC_C_LANGUAGE_STANDARD = gnu11;
				GCC_NO_COMMON_BLOCKS = YES;
				GCC_WARN_64_TO_32_BIT_CONVERSION = YES;
				GCC_WARN_ABOUT_RETURN_TYPE = YES_ERROR;
				GCC_WARN_UNDECLARED_SELECTOR = YES;
				GCC_WARN_UNINITIALIZED_AUTOS = YES_AGGRESSIVE;
				GCC_WARN_UNUSED_FUNCTION = YES;
				GCC_WARN_UNUSED_VARIABLE = YES;
				IPHONEOS_DEPLOYMENT_TARGET = 12.2;
				MTL_ENABLE_DEBUG_INFO = NO;
				MTL_FAST_MATH = YES;
				SDKROOT = iphoneos;
				SWIFT_COMPILATION_MODE = wholemodule;
				SWIFT_OPTIMIZATION_LEVEL = "-O";
				VALIDATE_PRODUCT = YES;
				VERSIONING_SYSTEM = "apple-generic";
				VERSION_INFO_PREFIX = "";
			};
			name = Release;
		};
		CE074EDA231D698200A50F4E /* Debug */ = {
			isa = XCBuildConfiguration;
			buildSettings = {
				ALWAYS_EMBED_SWIFT_STANDARD_LIBRARIES = YES;
				CLANG_ENABLE_MODULES = YES;
				CODE_SIGN_IDENTITY = "";
				CODE_SIGN_STYLE = Automatic;
				DEBUG_INFORMATION_FORMAT = "dwarf-with-dsym";
				DEFINES_MODULE = YES;
				DYLIB_COMPATIBILITY_VERSION = 1;
				DYLIB_CURRENT_VERSION = 1;
				DYLIB_INSTALL_NAME_BASE = "@rpath";
				FRAMEWORK_SEARCH_PATHS = "$(PLATFORM_DIR)/Developer/Library/Frameworks";
				INFOPLIST_FILE = UITestKitClient/Info.plist;
				INSTALL_PATH = "$(LOCAL_LIBRARY_DIR)/Frameworks";
				IPHONEOS_DEPLOYMENT_TARGET = 10.0;
				LD_RUNPATH_SEARCH_PATHS = (
					"$(inherited)",
					"@executable_path/Frameworks",
					"@loader_path/Frameworks",
					"$(DEVELOPER_FRAMEWORKS_DIR)",
				);
				OTHER_LDFLAGS = "";
				PRODUCT_BUNDLE_IDENTIFIER = qonto.eu.SBTUITestTunnelClient;
				PRODUCT_NAME = "$(TARGET_NAME:c99extidentifier)";
				SKIP_INSTALL = YES;
				SWIFT_OPTIMIZATION_LEVEL = "-Onone";
				SWIFT_VERSION = 5.0;
				TARGETED_DEVICE_FAMILY = "1,2";
			};
			name = Debug;
		};
		CE074EDB231D698200A50F4E /* Release */ = {
			isa = XCBuildConfiguration;
			buildSettings = {
				ALWAYS_EMBED_SWIFT_STANDARD_LIBRARIES = YES;
				CLANG_ENABLE_MODULES = YES;
				CODE_SIGN_IDENTITY = "";
				CODE_SIGN_STYLE = Automatic;
				DEBUG_INFORMATION_FORMAT = "dwarf-with-dsym";
				DEFINES_MODULE = YES;
				DYLIB_COMPATIBILITY_VERSION = 1;
				DYLIB_CURRENT_VERSION = 1;
				DYLIB_INSTALL_NAME_BASE = "@rpath";
				FRAMEWORK_SEARCH_PATHS = "$(PLATFORM_DIR)/Developer/Library/Frameworks";
				INFOPLIST_FILE = UITestKitClient/Info.plist;
				INSTALL_PATH = "$(LOCAL_LIBRARY_DIR)/Frameworks";
				IPHONEOS_DEPLOYMENT_TARGET = 10.0;
				LD_RUNPATH_SEARCH_PATHS = (
					"$(inherited)",
					"@executable_path/Frameworks",
					"@loader_path/Frameworks",
					"$(DEVELOPER_FRAMEWORKS_DIR)",
				);
				OTHER_LDFLAGS = "";
				PRODUCT_BUNDLE_IDENTIFIER = qonto.eu.SBTUITestTunnelClient;
				PRODUCT_NAME = "$(TARGET_NAME:c99extidentifier)";
				SKIP_INSTALL = YES;
				SWIFT_VERSION = 5.0;
				TARGETED_DEVICE_FAMILY = "1,2";
			};
			name = Release;
		};
/* End XCBuildConfiguration section */

/* Begin XCConfigurationList section */
		C3C4895D23424DF500F288C7 /* Build configuration list for PBXNativeTarget "UITestKitCommon" */ = {
			isa = XCConfigurationList;
			buildConfigurations = (
				C3C4895E23424DF500F288C7 /* Debug */,
				C3C4895F23424DF500F288C7 /* Release */,
			);
			defaultConfigurationIsVisible = 0;
			defaultConfigurationName = Release;
		};
		CE047575231E70D600108221 /* Build configuration list for PBXNativeTarget "UITestKitServer" */ = {
			isa = XCConfigurationList;
			buildConfigurations = (
				CE047576231E70D600108221 /* Debug */,
				CE047577231E70D600108221 /* Release */,
			);
			defaultConfigurationIsVisible = 0;
			defaultConfigurationName = Release;
		};
		CE074DFF231D569300A50F4E /* Build configuration list for PBXProject "UITestKit" */ = {
			isa = XCConfigurationList;
			buildConfigurations = (
				CE074E0B231D569300A50F4E /* Debug */,
				CE074E0C231D569300A50F4E /* Release */,
			);
			defaultConfigurationIsVisible = 0;
			defaultConfigurationName = Release;
		};
		CE074ED9231D698200A50F4E /* Build configuration list for PBXNativeTarget "UITestKitClient" */ = {
			isa = XCConfigurationList;
			buildConfigurations = (
				CE074EDA231D698200A50F4E /* Debug */,
				CE074EDB231D698200A50F4E /* Release */,
			);
			defaultConfigurationIsVisible = 0;
			defaultConfigurationName = Release;
		};
/* End XCConfigurationList section */
	};
	rootObject = CE074DFC231D569300A50F4E /* Project object */;
}
